
Microsoft Visual Studio Solution File, Format Version 11.00
# Visual Studio 2010
Project("{2150E333-8FDC-42A3-9474-1A3956D46DE8}") = "src", "src", "{E39C8443-6F3A-49E7-BEE4-99F8701BDBC6}"
EndProject
Project("{2150E333-8FDC-42A3-9474-1A3956D46DE8}") = "test", "test", "{1970C3EB-DC08-4932-B55A-B83E6BB7D03E}"
EndProject
Project("{FAE04EC0-301F-11D3-BF4B-00C04F79EFBC}") = "SqlToGraphiteInterfaces", "src\SqlToGraphiteInterfaces\SqlToGraphiteInterfaces.csproj", "{B9B8475A-BF93-4D8C-819A-E2303DA40DD0}"
EndProject
Project("{FAE04EC0-301F-11D3-BF4B-00C04F79EFBC}") = "SqlToGraphiteInterfacesUnitTests", "test\SqlToGraphiteInterfacesUnitTests\SqlToGraphiteInterfacesUnitTests.csproj", "{54FCFFD8-6433-4712-94D9-FE43BFF520B0}"
EndProject
Project("{2150E333-8FDC-42A3-9474-1A3956D46DE8}") = "Solution Items", "Solution Items", "{0464EEC4-2F66-4E61-B2C3-9317DCC61F78}"
	ProjectSection(SolutionItems) = preProject
		build.cmd = build.cmd
		default.ps1 = default.ps1
		README.md = README.md
		SqlToGraphiteInterfaces.nuspec = SqlToGraphiteInterfaces.nuspec
	EndProjectSection
EndProject
Global
	GlobalSection(SolutionConfigurationPlatforms) = preSolution
		Debug|Any CPU = Debug|Any CPU
		Debug|x86 = Debug|x86
		Release|Any CPU = Release|Any CPU
		Release|x86 = Release|x86
	EndGlobalSection
	GlobalSection(ProjectConfigurationPlatforms) = postSolution
		{B9B8475A-BF93-4D8C-819A-E2303DA40DD0}.Debug|Any CPU.ActiveCfg = Debug|Any CPU
		{B9B8475A-BF93-4D8C-819A-E2303DA40DD0}.Debug|Any CPU.Build.0 = Debug|Any CPU
		{B9B8475A-BF93-4D8C-819A-E2303DA40DD0}.Debug|x86.ActiveCfg = Debug|x86
		{B9B8475A-BF93-4D8C-819A-E2303DA40DD0}.Debug|x86.Build.0 = Debug|x86
		{B9B8475A-BF93-4D8C-819A-E2303DA40DD0}.Release|Any CPU.ActiveCfg = Release|Any CPU
		{B9B8475A-BF93-4D8C-819A-E2303DA40DD0}.Release|Any CPU.Build.0 = Release|Any CPU
		{B9B8475A-BF93-4D8C-819A-E2303DA40DD0}.Release|x86.ActiveCfg = Release|Any CPU
		{B9B8475A-BF93-4D8C-819A-E2303DA40DD0}.Release|x86.Build.0 = Release|Any CPU
		{54FCFFD8-6433-4712-94D9-FE43BFF520B0}.Debug|Any CPU.ActiveCfg = Debug|Any CPU
		{54FCFFD8-6433-4712-94D9-FE43BFF520B0}.Debug|Any CPU.Build.0 = Debug|Any CPU
		{54FCFFD8-6433-4712-94D9-FE43BFF520B0}.Debug|x86.ActiveCfg = Debug|Any CPU
		{54FCFFD8-6433-4712-94D9-FE43BFF520B0}.Release|Any CPU.ActiveCfg = Release|Any CPU
		{54FCFFD8-6433-4712-94D9-FE43BFF520B0}.Release|Any CPU.Build.0 = Release|Any CPU
		{54FCFFD8-6433-4712-94D9-FE43BFF520B0}.Release|x86.ActiveCfg = Release|Any CPU
		{54FCFFD8-6433-4712-94D9-FE43BFF520B0}.Release|x86.Build.0 = Release|Any CPU
	EndGlobalSection
	GlobalSection(SolutionProperties) = preSolution
		HideSolutionNode = FALSE
	EndGlobalSection
	GlobalSection(NestedProjects) = preSolution
		{B9B8475A-BF93-4D8C-819A-E2303DA40DD0} = {E39C8443-6F3A-49E7-BEE4-99F8701BDBC6}
		{54FCFFD8-6433-4712-94D9-FE43BFF520B0} = {1970C3EB-DC08-4932-B55A-B83E6BB7D03E}
	EndGlobalSection
EndGlobal
